
Microsoft Visual Studio Solution File, Format Version 12.00
# Visual Studio Version 17
VisualStudioVersion = 17.7.34202.233
MinimumVisualStudioVersion = 10.0.40219.1
Project("{FAE04EC0-301F-11D3-BF4B-00C04F79EFBC}") = "LogRedactorSharp.Core", "LogRedactorSharp.Core\LogRedactorSharp.Core.csproj", "{CA204CAB-FD66-45B6-B789-B541F88BC0DC}"
EndProject
Global
	GlobalSection(SolutionConfigurationPlatforms) = preSolution
		Debug|Any CPU = Debug|Any CPU
		Release|Any CPU = Release|Any CPU
	EndGlobalSection
	GlobalSection(ProjectConfigurationPlatforms) = postSolution
		{CA204CAB-FD66-45B6-B789-B541F88BC0DC}.Debug|Any CPU.ActiveCfg = Debug|Any CPU
		{CA204CAB-FD66-45B6-B789-B541F88BC0DC}.Debug|Any CPU.Build.0 = Debug|Any CPU
		{CA204CAB-FD66-45B6-B789-B541F88BC0DC}.Release|Any CPU.ActiveCfg = Release|Any CPU
		{CA204CAB-FD66-45B6-B789-B541F88BC0DC}.Release|Any CPU.Build.0 = Release|Any CPU
	EndGlobalSection
	GlobalSection(SolutionProperties) = preSolution
		HideSolutionNode = FALSE
	EndGlobalSection
	GlobalSection(ExtensibilityGlobals) = postSolution
		SolutionGuid = {EF57ECB9-A6F0-4002-96F7-1E69728A856A}
	EndGlobalSection
EndGlobal
